
Microsoft Visual Studio Solution File, Format Version 12.00
# Visual Studio Version 17
VisualStudioVersion = 17.8.34309.116
MinimumVisualStudioVersion = 10.0.40219.1
Project("{8BC9CEB8-8B4A-11D0-8D11-00A0C91BC942}") = "prozcuda", "prozcuda\prozcuda.vcxproj", "{379C741C-4886-4F96-BEC8-CA319B85D908}"
EndProject
Global
	GlobalSection(SolutionConfigurationPlatforms) = preSolution
		Debug|x64 = Debug|x64
		Release|x64 = Release|x64
	EndGlobalSection
	GlobalSection(ProjectConfigurationPlatforms) = postSolution
		{379C741C-4886-4F96-BEC8-CA319B85D908}.Debug|x64.ActiveCfg = Debug|x64
		{379C741C-4886-4F96-BEC8-CA319B85D908}.Debug|x64.Build.0 = Debug|x64
		{379C741C-4886-4F96-BEC8-CA319B85D908}.Release|x64.ActiveCfg = Release|x64
		{379C741C-4886-4F96-BEC8-CA319B85D908}.Release|x64.Build.0 = Release|x64
	EndGlobalSection
	GlobalSection(SolutionProperties) = preSolution
		HideSolutionNode = FALSE
	EndGlobalSection
	GlobalSection(ExtensibilityGlobals) = postSolution
		SolutionGuid = {C228892D-6C2F-4099-9821-84A272AF88BC}
	EndGlobalSection
EndGlobal
